
Microsoft Visual Studio Solution File, Format Version 12.00
# Visual Studio Version 16
VisualStudioVersion = 16.0.30804.86
MinimumVisualStudioVersion = 10.0.40219.1
Project("{FAE04EC0-301F-11D3-BF4B-00C04F79EFBC}") = "LiquidFactory", "LiquidFactory\LiquidFactory.csproj", "{85F8A712-4F27-4989-B325-36B06DE63197}"
EndProject
Global
	GlobalSection(SolutionConfigurationPlatforms) = preSolution
		Debug|Any CPU = Debug|Any CPU
		Release|Any CPU = Release|Any CPU
	EndGlobalSection
	GlobalSection(ProjectConfigurationPlatforms) = postSolution
		{85F8A712-4F27-4989-B325-36B06DE63197}.Debug|Any CPU.ActiveCfg = Debug|Any CPU
		{85F8A712-4F27-4989-B325-36B06DE63197}.Debug|Any CPU.Build.0 = Debug|Any CPU
		{85F8A712-4F27-4989-B325-36B06DE63197}.Release|Any CPU.ActiveCfg = Release|Any CPU
		{85F8A712-4F27-4989-B325-36B06DE63197}.Release|Any CPU.Build.0 = Release|Any CPU
	EndGlobalSection
	GlobalSection(SolutionProperties) = preSolution
		HideSolutionNode = FALSE
	EndGlobalSection
	GlobalSection(ExtensibilityGlobals) = postSolution
		SolutionGuid = {E97C3749-D2CC-4BBA-A0FD-8BD6B477AC96}
	EndGlobalSection
EndGlobal
