
Microsoft Visual Studio Solution File, Format Version 12.00
# Visual Studio Version 16
VisualStudioVersion = 16.0.31205.134
MinimumVisualStudioVersion = 10.0.40219.1
Project("{FAE04EC0-301F-11D3-BF4B-00C04F79EFBC}") = "Basket", "Basket\Basket.csproj", "{016377F0-1A35-4546-98C2-9EE684E5F7EE}"
EndProject
Global
	GlobalSection(SolutionConfigurationPlatforms) = preSolution
		Debug|Any CPU = Debug|Any CPU
		Release|Any CPU = Release|Any CPU
	EndGlobalSection
	GlobalSection(ProjectConfigurationPlatforms) = postSolution
		{016377F0-1A35-4546-98C2-9EE684E5F7EE}.Debug|Any CPU.ActiveCfg = Debug|Any CPU
		{016377F0-1A35-4546-98C2-9EE684E5F7EE}.Debug|Any CPU.Build.0 = Debug|Any CPU
		{016377F0-1A35-4546-98C2-9EE684E5F7EE}.Release|Any CPU.ActiveCfg = Release|Any CPU
		{016377F0-1A35-4546-98C2-9EE684E5F7EE}.Release|Any CPU.Build.0 = Release|Any CPU
	EndGlobalSection
	GlobalSection(SolutionProperties) = preSolution
		HideSolutionNode = FALSE
	EndGlobalSection
	GlobalSection(ExtensibilityGlobals) = postSolution
		SolutionGuid = {220A1663-726F-4C29-A85D-7983DEA939C2}
	EndGlobalSection
EndGlobal
